
Microsoft Visual Studio Solution File, Format Version 12.00
# Visual Studio Version 17
VisualStudioVersion = 17.7.34024.191
MinimumVisualStudioVersion = 10.0.40219.1
Project("{FAE04EC0-301F-11D3-BF4B-00C04F79EFBC}") = "12. IF Statement_2", "12. IF Statement_2\12. IF Statement_2.csproj", "{32888615-279A-446E-AA15-356E854AB78D}"
EndProject
Global
	GlobalSection(SolutionConfigurationPlatforms) = preSolution
		Debug|Any CPU = Debug|Any CPU
		Release|Any CPU = Release|Any CPU
	EndGlobalSection
	GlobalSection(ProjectConfigurationPlatforms) = postSolution
		{32888615-279A-446E-AA15-356E854AB78D}.Debug|Any CPU.ActiveCfg = Debug|Any CPU
		{32888615-279A-446E-AA15-356E854AB78D}.Debug|Any CPU.Build.0 = Debug|Any CPU
		{32888615-279A-446E-AA15-356E854AB78D}.Release|Any CPU.ActiveCfg = Release|Any CPU
		{32888615-279A-446E-AA15-356E854AB78D}.Release|Any CPU.Build.0 = Release|Any CPU
	EndGlobalSection
	GlobalSection(SolutionProperties) = preSolution
		HideSolutionNode = FALSE
	EndGlobalSection
	GlobalSection(ExtensibilityGlobals) = postSolution
		SolutionGuid = {D3568A2D-7DAB-4407-8F6B-F1D296E9D009}
	EndGlobalSection
EndGlobal
